PODS:
  - Alamofire (2.0.0)
  - AlamoImage (0.3.7):
    - AlamoImage/Core (= 0.3.7)
  - AlamoImage/Common (0.3.7):
    - Alamofire (~> 2.0)
  - AlamoImage/Core (0.3.7):
    - AlamoImage/Common

DEPENDENCIES:
  - Alamofire (~> 2.0)
  - AlamoImage (from `../`)

EXTERNAL SOURCES:
  AlamoImage:
    :path: ../

SPEC CHECKSUMS:
  Alamofire: 2f13548b29d25a58ecd91c9225fb51493e2b782b
  AlamoImage: 59c3b3bf5718a45599f68146d1003bddc5d8e0bb

COCOAPODS: 0.38.2
